
Microsoft Visual Studio Solution File, Format Version 12.00
# Visual Studio Version 16
VisualStudioVersion = 16.0.31129.286
MinimumVisualStudioVersion = 10.0.40219.1
Project("{FAE04EC0-301F-11D3-BF4B-00C04F79EFBC}") = "VeloAPP", "VeloAPP\VeloAPP.csproj", "{F9B13D33-6E4C-482B-BF00-5F5F104337CD}"
EndProject
Global
	GlobalSection(SolutionConfigurationPlatforms) = preSolution
		Debug|Any CPU = Debug|Any CPU
		Release|Any CPU = Release|Any CPU
	EndGlobalSection
	GlobalSection(ProjectConfigurationPlatforms) = postSolution
		{F9B13D33-6E4C-482B-BF00-5F5F104337CD}.Debug|Any CPU.ActiveCfg = Debug|Any CPU
		{F9B13D33-6E4C-482B-BF00-5F5F104337CD}.Debug|Any CPU.Build.0 = Debug|Any CPU
		{F9B13D33-6E4C-482B-BF00-5F5F104337CD}.Release|Any CPU.ActiveCfg = Release|Any CPU
		{F9B13D33-6E4C-482B-BF00-5F5F104337CD}.Release|Any CPU.Build.0 = Release|Any CPU
	EndGlobalSection
	GlobalSection(SolutionProperties) = preSolution
		HideSolutionNode = FALSE
	EndGlobalSection
	GlobalSection(ExtensibilityGlobals) = postSolution
		SolutionGuid = {A5164A87-C03C-48A5-A059-C56539335622}
	EndGlobalSection
EndGlobal
